// !$*UTF8*$!
{
	archiveVersion = 1;
	classes = {
	};
	objectVersion = 46;
	objects = {

/* Begin PBXBuildFile section */
		455731AEA056C09A85A964DA /* Pods_Tumblr.framework in Frameworks */ = {isa = PBXBuildFile; fileRef = 7DD3EEFB69A9985E41DF0100 /* Pods_Tumblr.framework */; };
		86A13E071E4157A800224152 /* AppDelegate.swift in Sources */ = {isa = PBXBuildFile; fileRef = 86A13E061E4157A800224152 /* AppDelegate.swift */; };
		86A13E0C1E4157A800224152 /* Main.storyboard in Resources */ = {isa = PBXBuildFile; fileRef = 86A13E0A1E4157A800224152 /* Main.storyboard */; };
		86A13E0E1E4157A800224152 /* Assets.xcassets in Resources */ = {isa = PBXBuildFile; fileRef = 86A13E0D1E4157A800224152 /* Assets.xcassets */; };
		86A13E111E4157A800224152 /* LaunchScreen.storyboard in Resources */ = {isa = PBXBuildFile; fileRef = 86A13E0F1E4157A800224152 /* LaunchScreen.storyboard */; };
		86A13E191E41591000224152 /* PhotosViewController.swift in Sources */ = {isa = PBXBuildFile; fileRef = 86A13E181E41591000224152 /* PhotosViewController.swift */; };
		86A13E1B1E41936400224152 /* PhotoCell.swift in Sources */ = {isa = PBXBuildFile; fileRef = 86A13E1A1E41936400224152 /* PhotoCell.swift */; };
		86C2053E1E4B84060015146C /* PhotoDetailsViewController.swift in Sources */ = {isa = PBXBuildFile; fileRef = 86C2053D1E4B84060015146C /* PhotoDetailsViewController.swift */; };
/* End PBXBuildFile section */

/* Begin PBXFileReference section */
		33120AF342CA274B14903135 /* Pods-Tumblr.release.xcconfig */ = {isa = PBXFileReference; includeInIndex = 1; lastKnownFileType = text.xcconfig; name = "Pods-Tumblr.release.xcconfig"; path = "Pods/Target Support Files/Pods-Tumblr/Pods-Tumblr.release.xcconfig"; sourceTree = "<group>"; };
		7DD3EEFB69A9985E41DF0100 /* Pods_Tumblr.framework */ = {isa = PBXFileReference; explicitFileType = wrapper.framework; includeInIndex = 0; path = Pods_Tumblr.framework; sourceTree = BUILT_PRODUCTS_DIR; };
		86A13E031E4157A800224152 /* Tumblr.app */ = {isa = PBXFileReference; explicitFileType = wrapper.application; includeInIndex = 0; path = Tumblr.app; sourceTree = BUILT_PRODUCTS_DIR; };
		86A13E061E4157A800224152 /* AppDelegate.swift */ = {isa = PBXFileReference; lastKnownFileType = sourcecode.swift; path = AppDelegate.swift; sourceTree = "<group>"; };
		86A13E0B1E4157A800224152 /* Base */ = {isa = PBXFileReference; lastKnownFileType = file.storyboard; name = Base; path = Base.lproj/Main.storyboard; sourceTree = "<group>"; };
		86A13E0D1E4157A800224152 /* Assets.xcassets */ = {isa = PBXFileReference; lastKnownFileType = folder.assetcatalog; path = Assets.xcassets; sourceTree = "<group>"; };
		86A13E101E4157A800224152 /* Base */ = {isa = PBXFileReference; lastKnownFileType = file.storyboard; name = Base; path = Base.lproj/LaunchScreen.storyboard; sourceTree = "<group>"; };
		86A13E121E4157A800224152 /* Info.plist */ = {isa = PBXFileReference; lastKnownFileType = text.plist.xml; path = Info.plist; sourceTree = "<group>"; };
		86A13E181E41591000224152 /* PhotosViewController.swift */ = {isa = PBXFileReference; fileEncoding = 4; lastKnownFileType = sourcecode.swift; path = PhotosViewController.swift; sourceTree = "<group>"; };
		86A13E1A1E41936400224152 /* PhotoCell.swift */ = {isa = PBXFileReference; fileEncoding = 4; lastKnownFileType = sourcecode.swift; path = PhotoCell.swift; sourceTree = "<group>"; };
		86C2053D1E4B84060015146C /* PhotoDetailsViewController.swift */ = {isa = PBXFileReference; fileEncoding = 4; lastKnownFileType = sourcecode.swift; path = PhotoDetailsViewController.swift; sourceTree = "<group>"; };
		BF0A7AF82ADC07BA52C0596D /* Pods-Tumblr.debug.xcconfig */ = {isa = PBXFileReference; includeInIndex = 1; lastKnownFileType = text.xcconfig; name = "Pods-Tumblr.debug.xcconfig"; path = "Pods/Target Support Files/Pods-Tumblr/Pods-Tumblr.debug.xcconfig"; sourceTree = "<group>"; };
/* End PBXFileReference section */

/* Begin PBXFrameworksBuildPhase section */
		86A13E001E4157A800224152 /* Frameworks */ = {
			isa = PBXFrameworksBuildPhase;
			buildActionMask = 2147483647;
			files = (
				455731AEA056C09A85A964DA /* Pods_Tumblr.framework in Frameworks */,
			);
			runOnlyForDeploymentPostprocessing = 0;
		};
/* End PBXFrameworksBuildPhase section */

/* Begin PBXGroup section */
		26D31775F9594DCDF7AB8A66 /* Frameworks */ = {
			isa = PBXGroup;
			children = (
				7DD3EEFB69A9985E41DF0100 /* Pods_Tumblr.framework */,
			);
			name = Frameworks;
			sourceTree = "<group>";
		};
		3289E9C2C6C3F65DF9223D12 /* Pods */ = {
			isa = PBXGroup;
			children = (
				BF0A7AF82ADC07BA52C0596D /* Pods-Tumblr.debug.xcconfig */,
				33120AF342CA274B14903135 /* Pods-Tumblr.release.xcconfig */,
			);
			name = Pods;
			sourceTree = "<group>";
		};
		86A13DFA1E4157A800224152 = {
			isa = PBXGroup;
			children = (
				86A13E051E4157A800224152 /* Tumblr */,
				86A13E041E4157A800224152 /* Products */,
				3289E9C2C6C3F65DF9223D12 /* Pods */,
				26D31775F9594DCDF7AB8A66 /* Frameworks */,
			);
			sourceTree = "<group>";
		};
		86A13E041E4157A800224152 /* Products */ = {
			isa = PBXGroup;
			children = (
				86A13E031E4157A800224152 /* Tumblr.app */,
			);
			name = Products;
			sourceTree = "<group>";
		};
		86A13E051E4157A800224152 /* Tumblr */ = {
			isa = PBXGroup;
			children = (
				86A13E061E4157A800224152 /* AppDelegate.swift */,
				86A13E0A1E4157A800224152 /* Main.storyboard */,
				86A13E1A1E41936400224152 /* PhotoCell.swift */,
				86A13E181E41591000224152 /* PhotosViewController.swift */,
				86A13E0D1E4157A800224152 /* Assets.xcassets */,
				86A13E0F1E4157A800224152 /* LaunchScreen.storyboard */,
				86A13E121E4157A800224152 /* Info.plist */,
				86C2053D1E4B84060015146C /* PhotoDetailsViewController.swift */,
			);
			path = Tumblr;
			sourceTree = "<group>";
		};
/* End PBXGroup section */

/* Begin PBXNativeTarget section */
		86A13E021E4157A800224152 /* Tumblr */ = {
			isa = PBXNativeTarget;
			buildConfigurationList = 86A13E151E4157A800224152 /* Build configuration list for PBXNativeTarget "Tumblr" */;
			buildPhases = (
				162194C5FD7822723C310D3C /* [CP] Check Pods Manifest.lock */,
				86A13DFF1E4157A800224152 /* Sources */,
				86A13E001E4157A800224152 /* Frameworks */,
				86A13E011E4157A800224152 /* Resources */,
				A14013ADE42CB630DCE340B5 /* [CP] Embed Pods Frameworks */,
				86F2074657842FB817A94115 /* [CP] Copy Pods Resources */,
			);
			buildRules = (
			);
			dependencies = (
			);
			name = Tumblr;
			productName = Tumblr;
			productReference = 86A13E031E4157A800224152 /* Tumblr.app */;
			productType = "com.apple.product-type.application";
		};
/* End PBXNativeTarget section */

/* Begin PBXProject section */
		86A13DFB1E4157A800224152 /* Project object */ = {
			isa = PBXProject;
			attributes = {
				LastSwiftUpdateCheck = 0820;
				LastUpgradeCheck = 0820;
				ORGANIZATIONNAME = "Sophia Zhuoya Chen";
				TargetAttributes = {
					86A13E021E4157A800224152 = {
						CreatedOnToolsVersion = 8.2.1;
						DevelopmentTeam = V25M82Y466;
						ProvisioningStyle = Automatic;
					};
				};
			};
			buildConfigurationList = 86A13DFE1E4157A800224152 /* Build configuration list for PBXProject "Tumblr" */;
			compatibilityVersion = "Xcode 3.2";
			developmentRegion = English;
			hasScannedForEncodings = 0;
			knownRegions = (
				en,
				Base,
			);
			mainGroup = 86A13DFA1E4157A800224152;
			productRefGroup = 86A13E041E4157A800224152 /* Products */;
			projectDirPath = "";
			projectRoot = "";
			targets = (
				86A13E021E4157A800224152 /* Tumblr */,
			);
		};
/* End PBXProject section */

/* Begin PBXResourcesBuildPhase section */
		86A13E011E4157A800224152 /* Resources */ = {
			isa = PBXResourcesBuildPhase;
			buildActionMask = 2147483647;
			files = (
				86A13E111E4157A800224152 /* LaunchScreen.storyboard in Resources */,
				86A13E0E1E4157A800224152 /* Assets.xcassets in Resources */,
				86A13E0C1E4157A800224152 /* Main.storyboard in Resources */,
			);
			runOnlyForDeploymentPostprocessing = 0;
		};
/* End PBXResourcesBuildPhase section */

/* Begin PBXShellScriptBuildPhase section */
		162194C5FD7822723C310D3C /* [CP] Check Pods Manifest.lock */ = {
			isa = PBXShellScriptBuildPhase;
			buildActionMask = 2147483647;
			files = (
			);
			inputPaths = (
			);
			name = "[CP] Check Pods Manifest.lock";
			outputPaths = (
			);
			runOnlyForDeploymentPostprocessing = 0;
			shellPath = /bin/sh;
			shellScript = "diff \"${PODS_ROOT}/../Podfile.lock\" \"${PODS_ROOT}/Manifest.lock\" > /dev/null\nif [ $? != 0 ] ; then\n    # print error to STDERR\n    echo \"error: The sandbox is not in sync with the Podfile.lock. Run 'pod install' or update your CocoaPods installation.\" >&2\n    exit 1\nfi\n";
			showEnvVarsInLog = 0;
		};
		86F2074657842FB817A94115 /* [CP] Copy Pods Resources */ = {
			isa = PBXShellScriptBuildPhase;
			buildActionMask = 2147483647;
			files = (
			);
			inputPaths = (
			);
			name = "[CP] Copy Pods Resources";
			outputPaths = (
			);
			runOnlyForDeploymentPostprocessing = 0;
			shellPath = /bin/sh;
			shellScript = "\"${SRCROOT}/Pods/Target Support Files/Pods-Tumblr/Pods-Tumblr-resources.sh\"\n";
			showEnvVarsInLog = 0;
		};
		A14013ADE42CB630DCE340B5 /* [CP] Embed Pods Frameworks */ = {
			isa = PBXShellScriptBuildPhase;
			buildActionMask = 2147483647;
			files = (
			);
			inputPaths = (
			);
			name = "[CP] Embed Pods Frameworks";
			outputPaths = (
			);
			runOnlyForDeploymentPostprocessing = 0;
			shellPath = /bin/sh;
			shellScript = "\"${SRCROOT}/Pods/Target Support Files/Pods-Tumblr/Pods-Tumblr-frameworks.sh\"\n";
			showEnvVarsInLog = 0;
		};
/* End PBXShellScriptBuildPhase section */

/* Begin PBXSourcesBuildPhase section */
		86A13DFF1E4157A800224152 /* Sources */ = {
			isa = PBXSourcesBuildPhase;
			buildActionMask = 2147483647;
			files = (
				86C2053E1E4B84060015146C /* PhotoDetailsViewController.swift in Sources */,
				86A13E191E41591000224152 /* PhotosViewController.swift in Sources */,
				86A13E1B1E41936400224152 /* PhotoCell.swift in Sources */,
				86A13E071E4157A800224152 /* AppDelegate.swift in Sources */,
			);
			runOnlyForDeploymentPostprocessing = 0;
		};
/* End PBXSourcesBuildPhase section */

/* Begin PBXVariantGroup section */
		86A13E0A1E4157A800224152 /* Main.storyboard */ = {
			isa = PBXVariantGroup;
			children = (
				86A13E0B1E4157A800224152 /* Base */,
			);
			name = Main.storyboard;
			sourceTree = "<group>";
		};
		86A13E0F1E4157A800224152 /* LaunchScreen.storyboard */ = {
			isa = PBXVariantGroup;
			children = (
				86A13E101E4157A800224152 /* Base */,
			);
			name = LaunchScreen.storyboard;
			sourceTree = "<group>";
		};
/* End PBXVariantGroup section */

/* Begin XCBuildConfiguration section */
		86A13E131E4157A800224152 /* Debug */ = {
			isa = XCBuildConfiguration;
			buildSettings = {
				ALWAYS_SEARCH_USER_PATHS = NO;
				CLANG_ANALYZER_NONNULL = YES;
				CLANG_CXX_LANGUAGE_STANDARD = "gnu++0x";
				CLANG_CXX_LIBRARY = "libc++";
				CLANG_ENABLE_MODULES = YES;
				CLANG_ENABLE_OBJC_ARC = YES;
				CLANG_WARN_BOOL_CONVERSION = YES;
				CLANG_WARN_CONSTANT_CONVERSION = YES;
				CLANG_WARN_DIRECT_OBJC_ISA_USAGE = YES_ERROR;
				CLANG_WARN_DOCUMENTATION_COMMENTS = YES;
				CLANG_WARN_EMPTY_BODY = YES;
				CLANG_WARN_ENUM_CONVERSION = YES;
				CLANG_WARN_INFINITE_RECURSION = YES;
				CLANG_WARN_INT_CONVERSION = YES;
				CLANG_WARN_OBJC_ROOT_CLASS = YES_ERROR;
				CLANG_WARN_SUSPICIOUS_MOVE = YES;
				CLANG_WARN_UNREACHABLE_CODE = YES;
				CLANG_WARN__DUPLICATE_METHOD_MATCH = YES;
				"CODE_SIGN_IDENTITY[sdk=iphoneos*]" = "iPhone Developer";
				COPY_PHASE_STRIP = NO;
				DEBUG_INFORMATION_FORMAT = dwarf;
				ENABLE_STRICT_OBJC_MSGSEND = YES;
				ENABLE_TESTABILITY = YES;
				GCC_C_LANGUAGE_STANDARD = gnu99;
				GCC_DYNAMIC_NO_PIC = NO;
				GCC_NO_COMMON_BLOCKS = YES;
				GCC_OPTIMIZATION_LEVEL = 0;
				GCC_PREPROCESSOR_DEFINITIONS = (
					"DEBUG=1",
					"$(inherited)",
				);
				GCC_WARN_64_TO_32_BIT_CONVERSION = YES;
				GCC_WARN_ABOUT_RETURN_TYPE = YES_ERROR;
				GCC_WARN_UNDECLARED_SELECTOR = YES;
				GCC_WARN_UNINITIALIZED_AUTOS = YES_AGGRESSIVE;
				GCC_WARN_UNUSED_FUNCTION = YES;
				GCC_WARN_UNUSED_VARIABLE = YES;
				IPHONEOS_DEPLOYMENT_TARGET = 10.2;
				MTL_ENABLE_DEBUG_INFO = YES;
				ONLY_ACTIVE_ARCH = YES;
				SDKROOT = iphoneos;
				SWIFT_ACTIVE_COMPILATION_CONDITIONS = DEBUG;
				SWIFT_OPTIMIZATION_LEVEL = "-Onone";
				TARGETED_DEVICE_FAMILY = "1,2";
			};
			name = Debug;
		};
		86A13E141E4157A800224152 /* Release */ = {
			isa = XCBuildConfiguration;
			buildSettings = {
				ALWAYS_SEARCH_USER_PATHS = NO;
				CLANG_ANALYZER_NONNULL = YES;
				CLANG_CXX_LANGUAGE_STANDARD = "gnu++0x";
				CLANG_CXX_LIBRARY = "libc++";
				CLANG_ENABLE_MODULES = YES;
				CLANG_ENABLE_OBJC_ARC = YES;
				CLANG_WARN_BOOL_CONVERSION = YES;
				CLANG_WARN_CONSTANT_CONVERSION = YES;
				CLANG_WARN_DIRECT_OBJC_ISA_USAGE = YES_ERROR;
				CLANG_WARN_DOCUMENTATION_COMMENTS = YES;
				CLANG_WARN_EMPTY_BODY = YES;
				CLANG_WARN_ENUM_CONVERSION = YES;
				CLANG_WARN_INFINITE_RECURSION = YES;
				CLANG_WARN_INT_CONVERSION = YES;
				CLANG_WARN_OBJC_ROOT_CLASS = YES_ERROR;
				CLANG_WARN_SUSPICIOUS_MOVE = YES;
				CLANG_WARN_UNREACHABLE_CODE = YES;
				CLANG_WARN__DUPLICATE_METHOD_MATCH = YES;
				"CODE_SIGN_IDENTITY[sdk=iphoneos*]" = "iPhone Developer";
				COPY_PHASE_STRIP = NO;
				DEBUG_INFORMATION_FORMAT = "dwarf-with-dsym";
				ENABLE_NS_ASSERTIONS = NO;
				ENABLE_STRICT_OBJC_MSGSEND = YES;
				GCC_C_LANGUAGE_STANDARD = gnu99;
				GCC_NO_COMMON_BLOCKS = YES;
				GCC_WARN_64_TO_32_BIT_CONVERSION = YES;
				GCC_WARN_ABOUT_RETURN_TYPE = YES_ERROR;
				GCC_WARN_UNDECLARED_SELECTOR = YES;
				GCC_WARN_UNINITIALIZED_AUTOS = YES_AGGRESSIVE;
				GCC_WARN_UNUSED_FUNCTION = YES;
				GCC_WARN_UNUSED_VARIABLE = YES;
				IPHONEOS_DEPLOYMENT_TARGET = 10.2;
				MTL_ENABLE_DEBUG_INFO = NO;
				SDKROOT = iphoneos;
				SWIFT_OPTIMIZATION_LEVEL = "-Owholemodule";
				TARGETED_DEVICE_FAMILY = "1,2";
				VALIDATE_PRODUCT = YES;
			};
			name = Release;
		};
		86A13E161E4157A800224152 /* Debug */ = {
			isa = XCBuildConfiguration;
			baseConfigurationReference = BF0A7AF82ADC07BA52C0596D /* Pods-Tumblr.debug.xcconfig */;
			buildSettings = {
				ASSETCATALOG_COMPILER_APPICON_NAME = AppIcon;
				DEVELOPMENT_TEAM = V25M82Y466;
				INFOPLIST_FILE = Tumblr/Info.plist;
				LD_RUNPATH_SEARCH_PATHS = "$(inherited) @executable_path/Frameworks";
				PRODUCT_BUNDLE_IDENTIFIER = zhoyachen526.github.io.Tumblr;
				PRODUCT_NAME = "$(TARGET_NAME)";
				SWIFT_VERSION = 3.0;
			};
			name = Debug;
		};
		86A13E171E4157A800224152 /* Release */ = {
			isa = XCBuildConfiguration;
			baseConfigurationReference = 33120AF342CA274B14903135 /* Pods-Tumblr.release.xcconfig */;
			buildSettings = {
				ASSETCATALOG_COMPILER_APPICON_NAME = AppIcon;
				DEVELOPMENT_TEAM = V25M82Y466;
				INFOPLIST_FILE = Tumblr/Info.plist;
				LD_RUNPATH_SEARCH_PATHS = "$(inherited) @executable_path/Frameworks";
				PRODUCT_BUNDLE_IDENTIFIER = zhoyachen526.github.io.Tumblr;
				PRODUCT_NAME = "$(TARGET_NAME)";
				SWIFT_VERSION = 3.0;
			};
			name = Release;
		};
/* End XCBuildConfiguration section */

/* Begin XCConfigurationList section */
		86A13DFE1E4157A800224152 /* Build configuration list for PBXProject "Tumblr" */ = {
			isa = XCConfigurationList;
			buildConfigurations = (
				86A13E131E4157A800224152 /* Debug */,
				86A13E141E4157A800224152 /* Release */,
			);
			defaultConfigurationIsVisible = 0;
			defaultConfigurationName = Release;
		};
		86A13E151E4157A800224152 /* Build configuration list for PBXNativeTarget "Tumblr" */ = {
			isa = XCConfigurationList;
			buildConfigurations = (
				86A13E161E4157A800224152 /* Debug */,
				86A13E171E4157A800224152 /* Release */,
			);
			defaultConfigurationIsVisible = 0;
			defaultConfigurationName = Release;
		};
/* End XCConfigurationList section */
	};
	rootObject = 86A13DFB1E4157A800224152 /* Project object */;
}
